
Microsoft Visual Studio Solution File, Format Version 12.00
# Visual Studio Version 16
VisualStudioVersion = 16.0.35026.282
MinimumVisualStudioVersion = 10.0.40219.1
Project("{8BC9CEB8-8B4A-11D0-8D11-00A0C91BC942}") = "Today0305_2", "Today0305_2.vcxproj", "{3AEF3CC3-08B3-49C6-9ADC-F3E4E3BE2B9C}"
EndProject
Global
	GlobalSection(SolutionConfigurationPlatforms) = preSolution
		Debug|x64 = Debug|x64
		Debug|x86 = Debug|x86
		Release|x64 = Release|x64
		Release|x86 = Release|x86
	EndGlobalSection
	GlobalSection(ProjectConfigurationPlatforms) = postSolution
		{3AEF3CC3-08B3-49C6-9ADC-F3E4E3BE2B9C}.Debug|x64.ActiveCfg = Debug|x64
		{3AEF3CC3-08B3-49C6-9ADC-F3E4E3BE2B9C}.Debug|x64.Build.0 = Debug|x64
		{3AEF3CC3-08B3-49C6-9ADC-F3E4E3BE2B9C}.Debug|x86.ActiveCfg = Debug|Win32
		{3AEF3CC3-08B3-49C6-9ADC-F3E4E3BE2B9C}.Debug|x86.Build.0 = Debug|Win32
		{3AEF3CC3-08B3-49C6-9ADC-F3E4E3BE2B9C}.Release|x64.ActiveCfg = Release|x64
		{3AEF3CC3-08B3-49C6-9ADC-F3E4E3BE2B9C}.Release|x64.Build.0 = Release|x64
		{3AEF3CC3-08B3-49C6-9ADC-F3E4E3BE2B9C}.Release|x86.ActiveCfg = Release|Win32
		{3AEF3CC3-08B3-49C6-9ADC-F3E4E3BE2B9C}.Release|x86.Build.0 = Release|Win32
	EndGlobalSection
	GlobalSection(SolutionProperties) = preSolution
		HideSolutionNode = FALSE
	EndGlobalSection
	GlobalSection(ExtensibilityGlobals) = postSolution
		SolutionGuid = {B099D17F-86AB-44F9-BD38-A90EEC38E5D3}
	EndGlobalSection
EndGlobal
